
Microsoft Visual Studio Solution File, Format Version 12.00
# Visual Studio Version 17
VisualStudioVersion = 17.5.33502.453
MinimumVisualStudioVersion = 10.0.40219.1
Project("{FAE04EC0-301F-11D3-BF4B-00C04F79EFBC}") = "WebAPIN06", "WebAPIN06\WebAPIN06.csproj", "{E687B193-55FF-493B-81BB-314E0D22B6CE}"
EndProject
Global
	GlobalSection(SolutionConfigurationPlatforms) = preSolution
		Debug|Any CPU = Debug|Any CPU
		Release|Any CPU = Release|Any CPU
	EndGlobalSection
	GlobalSection(ProjectConfigurationPlatforms) = postSolution
		{E687B193-55FF-493B-81BB-314E0D22B6CE}.Debug|Any CPU.ActiveCfg = Debug|Any CPU
		{E687B193-55FF-493B-81BB-314E0D22B6CE}.Debug|Any CPU.Build.0 = Debug|Any CPU
		{E687B193-55FF-493B-81BB-314E0D22B6CE}.Release|Any CPU.ActiveCfg = Release|Any CPU
		{E687B193-55FF-493B-81BB-314E0D22B6CE}.Release|Any CPU.Build.0 = Release|Any CPU
	EndGlobalSection
	GlobalSection(SolutionProperties) = preSolution
		HideSolutionNode = FALSE
	EndGlobalSection
	GlobalSection(ExtensibilityGlobals) = postSolution
		SolutionGuid = {BC296694-3B5C-4E73-9708-4559D857777B}
	EndGlobalSection
EndGlobal
