
Microsoft Visual Studio Solution File, Format Version 12.00
# Visual Studio Version 17
VisualStudioVersion = 17.4.33403.182
MinimumVisualStudioVersion = 10.0.40219.1
Project("{FAE04EC0-301F-11D3-BF4B-00C04F79EFBC}") = "KiemTraGiuaKi_1", "KiemTraGiuaKi_1.csproj", "{C265F4EB-383E-4719-B157-E34A8E2BA849}"
EndProject
Global
	GlobalSection(SolutionConfigurationPlatforms) = preSolution
		Debug|Any CPU = Debug|Any CPU
		Release|Any CPU = Release|Any CPU
	EndGlobalSection
	GlobalSection(ProjectConfigurationPlatforms) = postSolution
		{C265F4EB-383E-4719-B157-E34A8E2BA849}.Debug|Any CPU.ActiveCfg = Debug|Any CPU
		{C265F4EB-383E-4719-B157-E34A8E2BA849}.Debug|Any CPU.Build.0 = Debug|Any CPU
		{C265F4EB-383E-4719-B157-E34A8E2BA849}.Release|Any CPU.ActiveCfg = Release|Any CPU
		{C265F4EB-383E-4719-B157-E34A8E2BA849}.Release|Any CPU.Build.0 = Release|Any CPU
	EndGlobalSection
	GlobalSection(SolutionProperties) = preSolution
		HideSolutionNode = FALSE
	EndGlobalSection
	GlobalSection(ExtensibilityGlobals) = postSolution
		SolutionGuid = {44C14066-32B3-4F89-B200-917167DA5891}
	EndGlobalSection
EndGlobal
