
Microsoft Visual Studio Solution File, Format Version 12.00
# Visual Studio Version 17
VisualStudioVersion = 17.3.32922.545
MinimumVisualStudioVersion = 10.0.40219.1
Project("{8BC9CEB8-8B4A-11D0-8D11-00A0C91BC942}") = "Bai2", "Bai2\Bai2.vcxproj", "{A1F978C5-5AAC-42C9-9CA4-27DC48A43492}"
EndProject
Global
	GlobalSection(SolutionConfigurationPlatforms) = preSolution
		Debug|x64 = Debug|x64
		Debug|x86 = Debug|x86
		Release|x64 = Release|x64
		Release|x86 = Release|x86
	EndGlobalSection
	GlobalSection(ProjectConfigurationPlatforms) = postSolution
		{A1F978C5-5AAC-42C9-9CA4-27DC48A43492}.Debug|x64.ActiveCfg = Debug|x64
		{A1F978C5-5AAC-42C9-9CA4-27DC48A43492}.Debug|x64.Build.0 = Debug|x64
		{A1F978C5-5AAC-42C9-9CA4-27DC48A43492}.Debug|x86.ActiveCfg = Debug|Win32
		{A1F978C5-5AAC-42C9-9CA4-27DC48A43492}.Debug|x86.Build.0 = Debug|Win32
		{A1F978C5-5AAC-42C9-9CA4-27DC48A43492}.Release|x64.ActiveCfg = Release|x64
		{A1F978C5-5AAC-42C9-9CA4-27DC48A43492}.Release|x64.Build.0 = Release|x64
		{A1F978C5-5AAC-42C9-9CA4-27DC48A43492}.Release|x86.ActiveCfg = Release|Win32
		{A1F978C5-5AAC-42C9-9CA4-27DC48A43492}.Release|x86.Build.0 = Release|Win32
	EndGlobalSection
	GlobalSection(SolutionProperties) = preSolution
		HideSolutionNode = FALSE
	EndGlobalSection
	GlobalSection(ExtensibilityGlobals) = postSolution
		SolutionGuid = {3261D6A8-597E-4FA8-BCA4-C53C85E77433}
	EndGlobalSection
EndGlobal
