
Microsoft Visual Studio Solution File, Format Version 12.00
# Visual Studio Version 17
VisualStudioVersion = 17.4.33403.182
MinimumVisualStudioVersion = 10.0.40219.1
Project("{FAE04EC0-301F-11D3-BF4B-00C04F79EFBC}") = "RestAPI", "RestAPI.csproj", "{E500CF38-F522-4176-A28B-A3B7552F1286}"
EndProject
Project("{FAE04EC0-301F-11D3-BF4B-00C04F79EFBC}") = "WebApplication1", "..\WebApplication1\WebApplication1.csproj", "{A8E7E0AE-969B-4130-A98F-9F63CAB14B33}"
EndProject
Global
	GlobalSection(SolutionConfigurationPlatforms) = preSolution
		Debug|Any CPU = Debug|Any CPU
		Release|Any CPU = Release|Any CPU
	EndGlobalSection
	GlobalSection(ProjectConfigurationPlatforms) = postSolution
		{E500CF38-F522-4176-A28B-A3B7552F1286}.Debug|Any CPU.ActiveCfg = Debug|Any CPU
		{E500CF38-F522-4176-A28B-A3B7552F1286}.Debug|Any CPU.Build.0 = Debug|Any CPU
		{E500CF38-F522-4176-A28B-A3B7552F1286}.Release|Any CPU.ActiveCfg = Release|Any CPU
		{E500CF38-F522-4176-A28B-A3B7552F1286}.Release|Any CPU.Build.0 = Release|Any CPU
		{A8E7E0AE-969B-4130-A98F-9F63CAB14B33}.Debug|Any CPU.ActiveCfg = Debug|Any CPU
		{A8E7E0AE-969B-4130-A98F-9F63CAB14B33}.Debug|Any CPU.Build.0 = Debug|Any CPU
		{A8E7E0AE-969B-4130-A98F-9F63CAB14B33}.Release|Any CPU.ActiveCfg = Release|Any CPU
		{A8E7E0AE-969B-4130-A98F-9F63CAB14B33}.Release|Any CPU.Build.0 = Release|Any CPU
	EndGlobalSection
	GlobalSection(SolutionProperties) = preSolution
		HideSolutionNode = FALSE
	EndGlobalSection
	GlobalSection(ExtensibilityGlobals) = postSolution
		SolutionGuid = {11190C03-66D0-43E1-805E-EE1580280D53}
	EndGlobalSection
EndGlobal
